
Microsoft Visual Studio Solution File, Format Version 12.00
# Visual Studio 2013
VisualStudioVersion = 12.0.40629.0
MinimumVisualStudioVersion = 10.0.40219.1
Project("{E24C65DC-7377-472B-9ABA-BC803B73C61A}") = "eRestaurantWebsite", "http://localhost:50117", "{AAE27E05-F7C7-401C-98FD-1BF5CBE38450}"
	ProjectSection(WebsiteProperties) = preProject
		UseIISExpress = "true"
		TargetFrameworkMoniker = ".NETFramework,Version%3Dv4.5"
		ProjectReferences = "{55e6ce17-1106-400d-bc30-bbcd07e871e9}|eRestaurantSystem.dll;"
		Debug.AspNetCompiler.VirtualPath = "/localhost_50117"
		Debug.AspNetCompiler.PhysicalPath = "eRestaurantWebsite\"
		Debug.AspNetCompiler.TargetPath = "PrecompiledWeb\localhost_50117\"
		Debug.AspNetCompiler.Updateable = "true"
		Debug.AspNetCompiler.ForceOverwrite = "true"
		Debug.AspNetCompiler.FixedNames = "false"
		Debug.AspNetCompiler.Debug = "True"
		Release.AspNetCompiler.VirtualPath = "/localhost_50117"
		Release.AspNetCompiler.PhysicalPath = "eRestaurantWebsite\"
		Release.AspNetCompiler.TargetPath = "PrecompiledWeb\localhost_50117\"
		Release.AspNetCompiler.Updateable = "true"
		Release.AspNetCompiler.ForceOverwrite = "true"
		Release.AspNetCompiler.FixedNames = "false"
		Release.AspNetCompiler.Debug = "False"
		SlnRelativePath = "eRestaurantWebsite\"
		DefaultWebSiteLanguage = "Visual C#"
	EndProjectSection
EndProject
Project("{FAE04EC0-301F-11D3-BF4B-00C04F79EFBC}") = "eRestaurantSystem", "eRestaurantSystem\eRestaurantSystem.csproj", "{55E6CE17-1106-400D-BC30-BBCD07E871E9}"
EndProject
Global
	GlobalSection(SolutionConfigurationPlatforms) = preSolution
		Debug|Any CPU = Debug|Any CPU
		Release|Any CPU = Release|Any CPU
	EndGlobalSection
	GlobalSection(ProjectConfigurationPlatforms) = postSolution
		{AAE27E05-F7C7-401C-98FD-1BF5CBE38450}.Debug|Any CPU.ActiveCfg = Debug|Any CPU
		{AAE27E05-F7C7-401C-98FD-1BF5CBE38450}.Debug|Any CPU.Build.0 = Debug|Any CPU
		{AAE27E05-F7C7-401C-98FD-1BF5CBE38450}.Release|Any CPU.ActiveCfg = Debug|Any CPU
		{AAE27E05-F7C7-401C-98FD-1BF5CBE38450}.Release|Any CPU.Build.0 = Debug|Any CPU
		{55E6CE17-1106-400D-BC30-BBCD07E871E9}.Debug|Any CPU.ActiveCfg = Debug|Any CPU
		{55E6CE17-1106-400D-BC30-BBCD07E871E9}.Debug|Any CPU.Build.0 = Debug|Any CPU
		{55E6CE17-1106-400D-BC30-BBCD07E871E9}.Release|Any CPU.ActiveCfg = Release|Any CPU
		{55E6CE17-1106-400D-BC30-BBCD07E871E9}.Release|Any CPU.Build.0 = Release|Any CPU
	EndGlobalSection
	GlobalSection(SolutionProperties) = preSolution
		HideSolutionNode = FALSE
	EndGlobalSection
EndGlobal
